
Microsoft Visual Studio Solution File, Format Version 11.00
# Visual Studio 2010
Project("{FAE04EC0-301F-11D3-BF4B-00C04F79EFBC}") = "Motion", "Motion\Motion.csproj", "{F4799C73-DEE9-48F2-B626-32149CC30976}"
	ProjectSection(ProjectDependencies) = postProject
		{4991E344-03BE-4F18-8CE7-19EBEE0E9477} = {4991E344-03BE-4F18-8CE7-19EBEE0E9477}
		{E03D229A-9336-413A-8522-C8B8F34B2895} = {E03D229A-9336-413A-8522-C8B8F34B2895}
		{754B07DE-2B1A-4280-8104-492BD710782F} = {754B07DE-2B1A-4280-8104-492BD710782F}
		{F6ABBAC7-F7B8-4010-BA9D-75495E35AA15} = {F6ABBAC7-F7B8-4010-BA9D-75495E35AA15}
		{F8027971-8673-42E1-BE3B-71B2949C686D} = {F8027971-8673-42E1-BE3B-71B2949C686D}
		{B7F7C246-6B58-4672-BF91-6A2105532622} = {B7F7C246-6B58-4672-BF91-6A2105532622}
	EndProjectSection
EndProject
Project("{FAE04EC0-301F-11D3-BF4B-00C04F79EFBC}") = "ZForge.Motion.Controls.CameraTree", "ZForge.Motion.Controls.CameraTree\ZForge.Motion.Controls.CameraTree.csproj", "{14AFA8DB-3ECA-4E51-90B8-297C2E4BB965}"
EndProject
Project("{FAE04EC0-301F-11D3-BF4B-00C04F79EFBC}") = "ZForge.Motion.Controls.CameraView", "ZForge.Motion.Controls.CameraView\ZForge.Motion.Controls.CameraView.csproj", "{204F1030-C416-4628-8938-3E5381AEC3AF}"
EndProject
Project("{FAE04EC0-301F-11D3-BF4B-00C04F79EFBC}") = "ZForge.Motion.Controls.CameraBoard", "ZForge.Motion.Controls.CameraBoard\ZForge.Motion.Controls.CameraBoard.csproj", "{B46EB15F-7992-4025-B25A-8C8CDA1290E2}"
EndProject
Project("{FAE04EC0-301F-11D3-BF4B-00C04F79EFBC}") = "ZForge.Motion.Controls", "ZForge.Motion.Controls\ZForge.Motion.Controls.csproj", "{C9DCB560-4BF3-4328-8BAF-91765B0DCB8A}"
EndProject
Project("{FAE04EC0-301F-11D3-BF4B-00C04F79EFBC}") = "ZForge.Motion.Core", "ZForge.Motion.Core\ZForge.Motion.Core.csproj", "{05107692-5AAE-4FA1-B542-C8162CB66233}"
EndProject
Project("{FAE04EC0-301F-11D3-BF4B-00C04F79EFBC}") = "ZForge.Motion.PlugIns", "ZForge.Motion.PlugIns\ZForge.Motion.PlugIns.csproj", "{47AA85EA-FB8D-4EA6-9219-08C0F80CAD9D}"
EndProject
Project("{FAE04EC0-301F-11D3-BF4B-00C04F79EFBC}") = "Motion.PlugIns.Alarm.Sound", "Motion.PlugIns.Alarm.Sound\Motion.PlugIns.Alarm.Sound.csproj", "{F8027971-8673-42E1-BE3B-71B2949C686D}"
EndProject
Project("{FAE04EC0-301F-11D3-BF4B-00C04F79EFBC}") = "Motion.PlugIns.Alarm.EMail", "Motion.PlugIns.Alarm.EMail\Motion.PlugIns.Alarm.EMail.csproj", "{F6ABBAC7-F7B8-4010-BA9D-75495E35AA15}"
EndProject
Project("{FAE04EC0-301F-11D3-BF4B-00C04F79EFBC}") = "Motion.PlugIns.IPCam.General", "Motion.PlugIns.IPCam.General\Motion.PlugIns.IPCam.General.csproj", "{754B07DE-2B1A-4280-8104-492BD710782F}"
EndProject
Project("{FAE04EC0-301F-11D3-BF4B-00C04F79EFBC}") = "Motion.PlugIns.USBCam.General", "Motion.PlugIns.USBCam.General\Motion.PlugIns.USBCam.General.csproj", "{4991E344-03BE-4F18-8CE7-19EBEE0E9477}"
EndProject
Project("{FAE04EC0-301F-11D3-BF4B-00C04F79EFBC}") = "Motion.PlugIns.IPCam.Axis", "Motion.PlugIns.IPCam.Axis\Motion.PlugIns.IPCam.Axis.csproj", "{B7F7C246-6B58-4672-BF91-6A2105532622}"
EndProject
Project("{FAE04EC0-301F-11D3-BF4B-00C04F79EFBC}") = "ZForge.Motion.Forms", "ZForge.Motion.Forms\ZForge.Motion.Forms.csproj", "{185845FD-3B7A-457D-AAC3-7AC51C0562B5}"
EndProject
Project("{FAE04EC0-301F-11D3-BF4B-00C04F79EFBC}") = "ZForge.Motion.Util", "ZForge.Motion.Util\ZForge.Motion.Util.csproj", "{B7EF7162-F6CA-4C1C-8612-94DBDACFF0D7}"
EndProject
Project("{FAE04EC0-301F-11D3-BF4B-00C04F79EFBC}") = "ZForge.Globalization", "..\ZForge.NET\ZForge.Globalization\ZForge.Globalization.csproj", "{DBBBAD4A-05CA-402D-8E50-534312189DF0}"
EndProject
Project("{FAE04EC0-301F-11D3-BF4B-00C04F79EFBC}") = "ZForge.Configuration", "..\ZForge.NET\ZForge.Configuration\ZForge.Configuration.csproj", "{70009C5E-8CA4-4421-BBD2-4683989764D2}"
EndProject
Project("{FAE04EC0-301F-11D3-BF4B-00C04F79EFBC}") = "ZForge.Controls.HeaderPanel", "..\ZForge.NET\ZForge.Controls.HeaderPanel\ZForge.Controls.HeaderPanel.csproj", "{8B2B303E-6986-4BA1-950D-09810A7A1A63}"
EndProject
Project("{FAE04EC0-301F-11D3-BF4B-00C04F79EFBC}") = "ZForge.Controls.PropertyGridEx", "..\ZForge.NET\ZForge.Controls.PropertyGridEx\ZForge.Controls.PropertyGridEx.csproj", "{6A8118DD-0C34-4353-8F86-0A7A4B6ADE09}"
EndProject
Project("{FAE04EC0-301F-11D3-BF4B-00C04F79EFBC}") = "ZForge.Controls.CollapsibleSplitter", "..\ZForge.NET\ZForge.Controls.CollapsibleSplitter\ZForge.Controls.CollapsibleSplitter.csproj", "{9429F689-EAF5-4E5F-9A53-CD3F48E746A7}"
EndProject
Project("{FAE04EC0-301F-11D3-BF4B-00C04F79EFBC}") = "ZForge.SA.Komponent", "..\ZForge.SA\ZForge.SA.Komponent\ZForge.SA.Komponent.csproj", "{D6B9CC2B-A8D2-4C64-9DDC-73D6D7299CB6}"
EndProject
Project("{FAE04EC0-301F-11D3-BF4B-00C04F79EFBC}") = "ZForge.Win32", "..\ZForge.NET\ZForge.Win32\ZForge.Win32.csproj", "{DB874B12-9B5B-4C28-9235-9E61EC163C0C}"
EndProject
Project("{FAE04EC0-301F-11D3-BF4B-00C04F79EFBC}") = "ZForge.Controls.Logs", "..\ZForge.NET\ZForge.Controls.Logs\ZForge.Controls.Logs.csproj", "{996D0F8A-C1BE-4A69-9C3B-56E19E8D38D3}"
EndProject
Project("{FAE04EC0-301F-11D3-BF4B-00C04F79EFBC}") = "ZForge.Controls.XPTable", "..\ZForge.NET\ZForge.Controls.XPTable\ZForge.Controls.XPTable.csproj", "{1ADD2ECB-2B24-4162-8965-3EFAA9BB041E}"
EndProject
Project("{FAE04EC0-301F-11D3-BF4B-00C04F79EFBC}") = "ZForge.PlugIn", "..\ZForge.NET\ZForge.PlugIn\ZForge.PlugIn.csproj", "{5AA7EC32-4A02-4EF4-9364-082E26A24158}"
EndProject
Project("{FAE04EC0-301F-11D3-BF4B-00C04F79EFBC}") = "ZForge.Controls.Net", "..\ZForge.NET\ZForge.Controls.Net\ZForge.Controls.Net.csproj", "{34B70D66-6A92-457F-A737-2407683957D7}"
EndProject
Project("{FAE04EC0-301F-11D3-BF4B-00C04F79EFBC}") = "ZForge.Forms", "..\ZForge.NET\ZForge.Forms\ZForge.Forms.csproj", "{625C7D65-488E-46EF-B01B-9629743FC45D}"
EndProject
Project("{FAE04EC0-301F-11D3-BF4B-00C04F79EFBC}") = "ZForge.Motion.Komponent", "ZForge.Motion.Komponent\ZForge.Motion.Komponent.csproj", "{0BD937B2-9C44-4EF9-BD8F-72D481291760}"
EndProject
Project("{FAE04EC0-301F-11D3-BF4B-00C04F79EFBC}") = "ZForge.Win32.DirectShow", "..\ZForge.NET\ZForge.Win32.DirectShow\ZForge.Win32.DirectShow.csproj", "{37B08AFD-F4BC-4E13-9119-537BA6A12CCB}"
EndProject
Project("{FAE04EC0-301F-11D3-BF4B-00C04F79EFBC}") = "Motion.PlugIns.IPCam.UCI", "Motion.PlugIns.IPCAm.UCI\Motion.PlugIns.IPCam.UCI.csproj", "{E03D229A-9336-413A-8522-C8B8F34B2895}"
EndProject
Project("{FAE04EC0-301F-11D3-BF4B-00C04F79EFBC}") = "ZForge.Controls.RSS", "..\ZForge.NET\ZForge.Controls.RSS\ZForge.Controls.RSS.csproj", "{885792A3-A056-42C6-8847-F104C12238A4}"
EndProject
Project("{FAE04EC0-301F-11D3-BF4B-00C04F79EFBC}") = "SourceGrid", "SourceGrid\SourceGrid.csproj", "{DA47B108-21C8-4293-8D4E-56FFF1ED45A5}"
EndProject
Global
	GlobalSection(SolutionConfigurationPlatforms) = preSolution
		Debug|Any CPU = Debug|Any CPU
		Debug|Mixed Platforms = Debug|Mixed Platforms
		Debug|Win32 = Debug|Win32
		Debug|x86 = Debug|x86
		Release_UK|Any CPU = Release_UK|Any CPU
		Release_UK|Mixed Platforms = Release_UK|Mixed Platforms
		Release_UK|Win32 = Release_UK|Win32
		Release_UK|x86 = Release_UK|x86
		Release|Any CPU = Release|Any CPU
		Release|Mixed Platforms = Release|Mixed Platforms
		Release|Win32 = Release|Win32
		Release|x86 = Release|x86
	EndGlobalSection
	GlobalSection(ProjectConfigurationPlatforms) = postSolution
		{F4799C73-DEE9-48F2-B626-32149CC30976}.Debug|Any CPU.ActiveCfg = Debug|Any CPU
		{F4799C73-DEE9-48F2-B626-32149CC30976}.Debug|Any CPU.Build.0 = Debug|Any CPU
		{F4799C73-DEE9-48F2-B626-32149CC30976}.Debug|Mixed Platforms.ActiveCfg = Debug|Any CPU
		{F4799C73-DEE9-48F2-B626-32149CC30976}.Debug|Mixed Platforms.Build.0 = Debug|Any CPU
		{F4799C73-DEE9-48F2-B626-32149CC30976}.Debug|Win32.ActiveCfg = Debug|x86
		{F4799C73-DEE9-48F2-B626-32149CC30976}.Debug|x86.ActiveCfg = Debug|x86
		{F4799C73-DEE9-48F2-B626-32149CC30976}.Debug|x86.Build.0 = Debug|x86
		{F4799C73-DEE9-48F2-B626-32149CC30976}.Release_UK|Any CPU.ActiveCfg = Release_UK|Any CPU
		{F4799C73-DEE9-48F2-B626-32149CC30976}.Release_UK|Any CPU.Build.0 = Release_UK|Any CPU
		{F4799C73-DEE9-48F2-B626-32149CC30976}.Release_UK|Mixed Platforms.ActiveCfg = Release_UK|x86
		{F4799C73-DEE9-48F2-B626-32149CC30976}.Release_UK|Mixed Platforms.Build.0 = Release_UK|x86
		{F4799C73-DEE9-48F2-B626-32149CC30976}.Release_UK|Win32.ActiveCfg = Release_UK|x86
		{F4799C73-DEE9-48F2-B626-32149CC30976}.Release_UK|x86.ActiveCfg = Release_UK|x86
		{F4799C73-DEE9-48F2-B626-32149CC30976}.Release_UK|x86.Build.0 = Release_UK|x86
		{F4799C73-DEE9-48F2-B626-32149CC30976}.Release|Any CPU.ActiveCfg = Release|Any CPU
		{F4799C73-DEE9-48F2-B626-32149CC30976}.Release|Any CPU.Build.0 = Release|Any CPU
		{F4799C73-DEE9-48F2-B626-32149CC30976}.Release|Mixed Platforms.ActiveCfg = Release|x86
		{F4799C73-DEE9-48F2-B626-32149CC30976}.Release|Mixed Platforms.Build.0 = Release|x86
		{F4799C73-DEE9-48F2-B626-32149CC30976}.Release|Win32.ActiveCfg = Release|x86
		{F4799C73-DEE9-48F2-B626-32149CC30976}.Release|x86.ActiveCfg = Release|x86
		{F4799C73-DEE9-48F2-B626-32149CC30976}.Release|x86.Build.0 = Release|x86
		{14AFA8DB-3ECA-4E51-90B8-297C2E4BB965}.Debug|Any CPU.ActiveCfg = Debug|Any CPU
		{14AFA8DB-3ECA-4E51-90B8-297C2E4BB965}.Debug|Any CPU.Build.0 = Debug|Any CPU
		{14AFA8DB-3ECA-4E51-90B8-297C2E4BB965}.Debug|Mixed Platforms.ActiveCfg = Debug|x86
		{14AFA8DB-3ECA-4E51-90B8-297C2E4BB965}.Debug|Mixed Platforms.Build.0 = Debug|x86
		{14AFA8DB-3ECA-4E51-90B8-297C2E4BB965}.Debug|Win32.ActiveCfg = Debug|x86
		{14AFA8DB-3ECA-4E51-90B8-297C2E4BB965}.Debug|x86.ActiveCfg = Debug|x86
		{14AFA8DB-3ECA-4E51-90B8-297C2E4BB965}.Debug|x86.Build.0 = Debug|x86
		{14AFA8DB-3ECA-4E51-90B8-297C2E4BB965}.Release_UK|Any CPU.ActiveCfg = Release_UK|Any CPU
		{14AFA8DB-3ECA-4E51-90B8-297C2E4BB965}.Release_UK|Any CPU.Build.0 = Release_UK|Any CPU
		{14AFA8DB-3ECA-4E51-90B8-297C2E4BB965}.Release_UK|Mixed Platforms.ActiveCfg = Release|x86
		{14AFA8DB-3ECA-4E51-90B8-297C2E4BB965}.Release_UK|Mixed Platforms.Build.0 = Release|x86
		{14AFA8DB-3ECA-4E51-90B8-297C2E4BB965}.Release_UK|Win32.ActiveCfg = Release|x86
		{14AFA8DB-3ECA-4E51-90B8-297C2E4BB965}.Release_UK|x86.ActiveCfg = Release|x86
		{14AFA8DB-3ECA-4E51-90B8-297C2E4BB965}.Release_UK|x86.Build.0 = Release|x86
		{14AFA8DB-3ECA-4E51-90B8-297C2E4BB965}.Release|Any CPU.ActiveCfg = Release|Any CPU
		{14AFA8DB-3ECA-4E51-90B8-297C2E4BB965}.Release|Any CPU.Build.0 = Release|Any CPU
		{14AFA8DB-3ECA-4E51-90B8-297C2E4BB965}.Release|Mixed Platforms.ActiveCfg = Release|x86
		{14AFA8DB-3ECA-4E51-90B8-297C2E4BB965}.Release|Mixed Platforms.Build.0 = Release|x86
		{14AFA8DB-3ECA-4E51-90B8-297C2E4BB965}.Release|Win32.ActiveCfg = Release|x86
		{14AFA8DB-3ECA-4E51-90B8-297C2E4BB965}.Release|x86.ActiveCfg = Release|x86
		{14AFA8DB-3ECA-4E51-90B8-297C2E4BB965}.Release|x86.Build.0 = Release|x86
		{204F1030-C416-4628-8938-3E5381AEC3AF}.Debug|Any CPU.ActiveCfg = Debug|Any CPU
		{204F1030-C416-4628-8938-3E5381AEC3AF}.Debug|Any CPU.Build.0 = Debug|Any CPU
		{204F1030-C416-4628-8938-3E5381AEC3AF}.Debug|Mixed Platforms.ActiveCfg = Debug|x86
		{204F1030-C416-4628-8938-3E5381AEC3AF}.Debug|Mixed Platforms.Build.0 = Debug|x86
		{204F1030-C416-4628-8938-3E5381AEC3AF}.Debug|Win32.ActiveCfg = Debug|x86
		{204F1030-C416-4628-8938-3E5381AEC3AF}.Debug|x86.ActiveCfg = Debug|x86
		{204F1030-C416-4628-8938-3E5381AEC3AF}.Debug|x86.Build.0 = Debug|x86
		{204F1030-C416-4628-8938-3E5381AEC3AF}.Release_UK|Any CPU.ActiveCfg = Release_UK|Any CPU
		{204F1030-C416-4628-8938-3E5381AEC3AF}.Release_UK|Any CPU.Build.0 = Release_UK|Any CPU
		{204F1030-C416-4628-8938-3E5381AEC3AF}.Release_UK|Mixed Platforms.ActiveCfg = Release|x86
		{204F1030-C416-4628-8938-3E5381AEC3AF}.Release_UK|Mixed Platforms.Build.0 = Release|x86
		{204F1030-C416-4628-8938-3E5381AEC3AF}.Release_UK|Win32.ActiveCfg = Release|x86
		{204F1030-C416-4628-8938-3E5381AEC3AF}.Release_UK|x86.ActiveCfg = Release|x86
		{204F1030-C416-4628-8938-3E5381AEC3AF}.Release_UK|x86.Build.0 = Release|x86
		{204F1030-C416-4628-8938-3E5381AEC3AF}.Release|Any CPU.ActiveCfg = Release|Any CPU
		{204F1030-C416-4628-8938-3E5381AEC3AF}.Release|Any CPU.Build.0 = Release|Any CPU
		{204F1030-C416-4628-8938-3E5381AEC3AF}.Release|Mixed Platforms.ActiveCfg = Release|x86
		{204F1030-C416-4628-8938-3E5381AEC3AF}.Release|Mixed Platforms.Build.0 = Release|x86
		{204F1030-C416-4628-8938-3E5381AEC3AF}.Release|Win32.ActiveCfg = Release|x86
		{204F1030-C416-4628-8938-3E5381AEC3AF}.Release|x86.ActiveCfg = Release|x86
		{204F1030-C416-4628-8938-3E5381AEC3AF}.Release|x86.Build.0 = Release|x86
		{B46EB15F-7992-4025-B25A-8C8CDA1290E2}.Debug|Any CPU.ActiveCfg = Debug|Any CPU
		{B46EB15F-7992-4025-B25A-8C8CDA1290E2}.Debug|Any CPU.Build.0 = Debug|Any CPU
		{B46EB15F-7992-4025-B25A-8C8CDA1290E2}.Debug|Mixed Platforms.ActiveCfg = Debug|x86
		{B46EB15F-7992-4025-B25A-8C8CDA1290E2}.Debug|Mixed Platforms.Build.0 = Debug|x86
		{B46EB15F-7992-4025-B25A-8C8CDA1290E2}.Debug|Win32.ActiveCfg = Debug|x86
		{B46EB15F-7992-4025-B25A-8C8CDA1290E2}.Debug|x86.ActiveCfg = Debug|x86
		{B46EB15F-7992-4025-B25A-8C8CDA1290E2}.Debug|x86.Build.0 = Debug|x86
		{B46EB15F-7992-4025-B25A-8C8CDA1290E2}.Release_UK|Any CPU.ActiveCfg = Release_UK|Any CPU
		{B46EB15F-7992-4025-B25A-8C8CDA1290E2}.Release_UK|Any CPU.Build.0 = Release_UK|Any CPU
		{B46EB15F-7992-4025-B25A-8C8CDA1290E2}.Release_UK|Mixed Platforms.ActiveCfg = Release|x86
		{B46EB15F-7992-4025-B25A-8C8CDA1290E2}.Release_UK|Mixed Platforms.Build.0 = Release|x86
		{B46EB15F-7992-4025-B25A-8C8CDA1290E2}.Release_UK|Win32.ActiveCfg = Release|x86
		{B46EB15F-7992-4025-B25A-8C8CDA1290E2}.Release_UK|x86.ActiveCfg = Release|x86
		{B46EB15F-7992-4025-B25A-8C8CDA1290E2}.Release_UK|x86.Build.0 = Release|x86
		{B46EB15F-7992-4025-B25A-8C8CDA1290E2}.Release|Any CPU.ActiveCfg = Release|Any CPU
		{B46EB15F-7992-4025-B25A-8C8CDA1290E2}.Release|Any CPU.Build.0 = Release|Any CPU
		{B46EB15F-7992-4025-B25A-8C8CDA1290E2}.Release|Mixed Platforms.ActiveCfg = Release|x86
		{B46EB15F-7992-4025-B25A-8C8CDA1290E2}.Release|Mixed Platforms.Build.0 = Release|x86
		{B46EB15F-7992-4025-B25A-8C8CDA1290E2}.Release|Win32.ActiveCfg = Release|x86
		{B46EB15F-7992-4025-B25A-8C8CDA1290E2}.Release|x86.ActiveCfg = Release|x86
		{B46EB15F-7992-4025-B25A-8C8CDA1290E2}.Release|x86.Build.0 = Release|x86
		{C9DCB560-4BF3-4328-8BAF-91765B0DCB8A}.Debug|Any CPU.ActiveCfg = Debug|Any CPU
		{C9DCB560-4BF3-4328-8BAF-91765B0DCB8A}.Debug|Any CPU.Build.0 = Debug|Any CPU
		{C9DCB560-4BF3-4328-8BAF-91765B0DCB8A}.Debug|Mixed Platforms.ActiveCfg = Debug|Any CPU
		{C9DCB560-4BF3-4328-8BAF-91765B0DCB8A}.Debug|Mixed Platforms.Build.0 = Debug|Any CPU
		{C9DCB560-4BF3-4328-8BAF-91765B0DCB8A}.Debug|Win32.ActiveCfg = Debug|Any CPU
		{C9DCB560-4BF3-4328-8BAF-91765B0DCB8A}.Debug|x86.ActiveCfg = Debug|Any CPU
		{C9DCB560-4BF3-4328-8BAF-91765B0DCB8A}.Release_UK|Any CPU.ActiveCfg = Release_UK|Any CPU
		{C9DCB560-4BF3-4328-8BAF-91765B0DCB8A}.Release_UK|Any CPU.Build.0 = Release_UK|Any CPU
		{C9DCB560-4BF3-4328-8BAF-91765B0DCB8A}.Release_UK|Mixed Platforms.ActiveCfg = Release|Any CPU
		{C9DCB560-4BF3-4328-8BAF-91765B0DCB8A}.Release_UK|Mixed Platforms.Build.0 = Release|Any CPU
		{C9DCB560-4BF3-4328-8BAF-91765B0DCB8A}.Release_UK|Win32.ActiveCfg = Release|Any CPU
		{C9DCB560-4BF3-4328-8BAF-91765B0DCB8A}.Release_UK|x86.ActiveCfg = Release|Any CPU
		{C9DCB560-4BF3-4328-8BAF-91765B0DCB8A}.Release|Any CPU.ActiveCfg = Release|Any CPU
		{C9DCB560-4BF3-4328-8BAF-91765B0DCB8A}.Release|Any CPU.Build.0 = Release|Any CPU
		{C9DCB560-4BF3-4328-8BAF-91765B0DCB8A}.Release|Mixed Platforms.ActiveCfg = Release|Any CPU
		{C9DCB560-4BF3-4328-8BAF-91765B0DCB8A}.Release|Mixed Platforms.Build.0 = Release|Any CPU
		{C9DCB560-4BF3-4328-8BAF-91765B0DCB8A}.Release|Win32.ActiveCfg = Release|Any CPU
		{C9DCB560-4BF3-4328-8BAF-91765B0DCB8A}.Release|x86.ActiveCfg = Release|Any CPU
		{05107692-5AAE-4FA1-B542-C8162CB66233}.Debug|Any CPU.ActiveCfg = Debug|Any CPU
		{05107692-5AAE-4FA1-B542-C8162CB66233}.Debug|Any CPU.Build.0 = Debug|Any CPU
		{05107692-5AAE-4FA1-B542-C8162CB66233}.Debug|Mixed Platforms.ActiveCfg = Debug|x86
		{05107692-5AAE-4FA1-B542-C8162CB66233}.Debug|Mixed Platforms.Build.0 = Debug|x86
		{05107692-5AAE-4FA1-B542-C8162CB66233}.Debug|Win32.ActiveCfg = Debug|x86
		{05107692-5AAE-4FA1-B542-C8162CB66233}.Debug|x86.ActiveCfg = Debug|x86
		{05107692-5AAE-4FA1-B542-C8162CB66233}.Debug|x86.Build.0 = Debug|x86
		{05107692-5AAE-4FA1-B542-C8162CB66233}.Release_UK|Any CPU.ActiveCfg = Release_UK|Any CPU
		{05107692-5AAE-4FA1-B542-C8162CB66233}.Release_UK|Any CPU.Build.0 = Release_UK|Any CPU
		{05107692-5AAE-4FA1-B542-C8162CB66233}.Release_UK|Mixed Platforms.ActiveCfg = Release|x86
		{05107692-5AAE-4FA1-B542-C8162CB66233}.Release_UK|Mixed Platforms.Build.0 = Release|x86
		{05107692-5AAE-4FA1-B542-C8162CB66233}.Release_UK|Win32.ActiveCfg = Release|x86
		{05107692-5AAE-4FA1-B542-C8162CB66233}.Release_UK|x86.ActiveCfg = Release|x86
		{05107692-5AAE-4FA1-B542-C8162CB66233}.Release_UK|x86.Build.0 = Release|x86
		{05107692-5AAE-4FA1-B542-C8162CB66233}.Release|Any CPU.ActiveCfg = Release|Any CPU
		{05107692-5AAE-4FA1-B542-C8162CB66233}.Release|Any CPU.Build.0 = Release|Any CPU
		{05107692-5AAE-4FA1-B542-C8162CB66233}.Release|Mixed Platforms.ActiveCfg = Release|x86
		{05107692-5AAE-4FA1-B542-C8162CB66233}.Release|Mixed Platforms.Build.0 = Release|x86
		{05107692-5AAE-4FA1-B542-C8162CB66233}.Release|Win32.ActiveCfg = Release|x86
		{05107692-5AAE-4FA1-B542-C8162CB66233}.Release|x86.ActiveCfg = Release|x86
		{05107692-5AAE-4FA1-B542-C8162CB66233}.Release|x86.Build.0 = Release|x86
		{47AA85EA-FB8D-4EA6-9219-08C0F80CAD9D}.Debug|Any CPU.ActiveCfg = Debug|Any CPU
		{47AA85EA-FB8D-4EA6-9219-08C0F80CAD9D}.Debug|Any CPU.Build.0 = Debug|Any CPU
		{47AA85EA-FB8D-4EA6-9219-08C0F80CAD9D}.Debug|Mixed Platforms.ActiveCfg = Debug|Any CPU
		{47AA85EA-FB8D-4EA6-9219-08C0F80CAD9D}.Debug|Mixed Platforms.Build.0 = Debug|Any CPU
		{47AA85EA-FB8D-4EA6-9219-08C0F80CAD9D}.Debug|Win32.ActiveCfg = Debug|Any CPU
		{47AA85EA-FB8D-4EA6-9219-08C0F80CAD9D}.Debug|x86.ActiveCfg = Debug|Any CPU
		{47AA85EA-FB8D-4EA6-9219-08C0F80CAD9D}.Release_UK|Any CPU.ActiveCfg = Release_UK|Any CPU
		{47AA85EA-FB8D-4EA6-9219-08C0F80CAD9D}.Release_UK|Any CPU.Build.0 = Release_UK|Any CPU
		{47AA85EA-FB8D-4EA6-9219-08C0F80CAD9D}.Release_UK|Mixed Platforms.ActiveCfg = Release|Any CPU
		{47AA85EA-FB8D-4EA6-9219-08C0F80CAD9D}.Release_UK|Mixed Platforms.Build.0 = Release|Any CPU
		{47AA85EA-FB8D-4EA6-9219-08C0F80CAD9D}.Release_UK|Win32.ActiveCfg = Release|Any CPU
		{47AA85EA-FB8D-4EA6-9219-08C0F80CAD9D}.Release_UK|x86.ActiveCfg = Release|Any CPU
		{47AA85EA-FB8D-4EA6-9219-08C0F80CAD9D}.Release|Any CPU.ActiveCfg = Release|Any CPU
		{47AA85EA-FB8D-4EA6-9219-08C0F80CAD9D}.Release|Any CPU.Build.0 = Release|Any CPU
		{47AA85EA-FB8D-4EA6-9219-08C0F80CAD9D}.Release|Mixed Platforms.ActiveCfg = Release|Any CPU
		{47AA85EA-FB8D-4EA6-9219-08C0F80CAD9D}.Release|Mixed Platforms.Build.0 = Release|Any CPU
		{47AA85EA-FB8D-4EA6-9219-08C0F80CAD9D}.Release|Win32.ActiveCfg = Release|Any CPU
		{47AA85EA-FB8D-4EA6-9219-08C0F80CAD9D}.Release|x86.ActiveCfg = Release|Any CPU
		{F8027971-8673-42E1-BE3B-71B2949C686D}.Debug|Any CPU.ActiveCfg = Debug|Any CPU
		{F8027971-8673-42E1-BE3B-71B2949C686D}.Debug|Any CPU.Build.0 = Debug|Any CPU
		{F8027971-8673-42E1-BE3B-71B2949C686D}.Debug|Mixed Platforms.ActiveCfg = Debug|Any CPU
		{F8027971-8673-42E1-BE3B-71B2949C686D}.Debug|Mixed Platforms.Build.0 = Debug|Any CPU
		{F8027971-8673-42E1-BE3B-71B2949C686D}.Debug|Win32.ActiveCfg = Debug|Any CPU
		{F8027971-8673-42E1-BE3B-71B2949C686D}.Debug|x86.ActiveCfg = Debug|Any CPU
		{F8027971-8673-42E1-BE3B-71B2949C686D}.Release_UK|Any CPU.ActiveCfg = Release_UK|Any CPU
		{F8027971-8673-42E1-BE3B-71B2949C686D}.Release_UK|Any CPU.Build.0 = Release_UK|Any CPU
		{F8027971-8673-42E1-BE3B-71B2949C686D}.Release_UK|Mixed Platforms.ActiveCfg = Release|Any CPU
		{F8027971-8673-42E1-BE3B-71B2949C686D}.Release_UK|Mixed Platforms.Build.0 = Release|Any CPU
		{F8027971-8673-42E1-BE3B-71B2949C686D}.Release_UK|Win32.ActiveCfg = Release|Any CPU
		{F8027971-8673-42E1-BE3B-71B2949C686D}.Release_UK|x86.ActiveCfg = Release|Any CPU
		{F8027971-8673-42E1-BE3B-71B2949C686D}.Release|Any CPU.ActiveCfg = Release|Any CPU
		{F8027971-8673-42E1-BE3B-71B2949C686D}.Release|Any CPU.Build.0 = Release|Any CPU
		{F8027971-8673-42E1-BE3B-71B2949C686D}.Release|Mixed Platforms.ActiveCfg = Release|Any CPU
		{F8027971-8673-42E1-BE3B-71B2949C686D}.Release|Mixed Platforms.Build.0 = Release|Any CPU
		{F8027971-8673-42E1-BE3B-71B2949C686D}.Release|Win32.ActiveCfg = Release|Any CPU
		{F8027971-8673-42E1-BE3B-71B2949C686D}.Release|x86.ActiveCfg = Release|Any CPU
		{F6ABBAC7-F7B8-4010-BA9D-75495E35AA15}.Debug|Any CPU.ActiveCfg = Debug|Any CPU
		{F6ABBAC7-F7B8-4010-BA9D-75495E35AA15}.Debug|Any CPU.Build.0 = Debug|Any CPU
		{F6ABBAC7-F7B8-4010-BA9D-75495E35AA15}.Debug|Mixed Platforms.ActiveCfg = Debug|Any CPU
		{F6ABBAC7-F7B8-4010-BA9D-75495E35AA15}.Debug|Mixed Platforms.Build.0 = Debug|Any CPU
		{F6ABBAC7-F7B8-4010-BA9D-75495E35AA15}.Debug|Win32.ActiveCfg = Debug|Any CPU
		{F6ABBAC7-F7B8-4010-BA9D-75495E35AA15}.Debug|x86.ActiveCfg = Debug|Any CPU
		{F6ABBAC7-F7B8-4010-BA9D-75495E35AA15}.Release_UK|Any CPU.ActiveCfg = Release_UK|Any CPU
		{F6ABBAC7-F7B8-4010-BA9D-75495E35AA15}.Release_UK|Any CPU.Build.0 = Release_UK|Any CPU
		{F6ABBAC7-F7B8-4010-BA9D-75495E35AA15}.Release_UK|Mixed Platforms.ActiveCfg = Release|Any CPU
		{F6ABBAC7-F7B8-4010-BA9D-75495E35AA15}.Release_UK|Mixed Platforms.Build.0 = Release|Any CPU
		{F6ABBAC7-F7B8-4010-BA9D-75495E35AA15}.Release_UK|Win32.ActiveCfg = Release|Any CPU
		{F6ABBAC7-F7B8-4010-BA9D-75495E35AA15}.Release_UK|x86.ActiveCfg = Release|Any CPU
		{F6ABBAC7-F7B8-4010-BA9D-75495E35AA15}.Release|Any CPU.ActiveCfg = Release|Any CPU
		{F6ABBAC7-F7B8-4010-BA9D-75495E35AA15}.Release|Any CPU.Build.0 = Release|Any CPU
		{F6ABBAC7-F7B8-4010-BA9D-75495E35AA15}.Release|Mixed Platforms.ActiveCfg = Release|Any CPU
		{F6ABBAC7-F7B8-4010-BA9D-75495E35AA15}.Release|Mixed Platforms.Build.0 = Release|Any CPU
		{F6ABBAC7-F7B8-4010-BA9D-75495E35AA15}.Release|Win32.ActiveCfg = Release|Any CPU
		{F6ABBAC7-F7B8-4010-BA9D-75495E35AA15}.Release|x86.ActiveCfg = Release|Any CPU
		{754B07DE-2B1A-4280-8104-492BD710782F}.Debug|Any CPU.ActiveCfg = Debug|Any CPU
		{754B07DE-2B1A-4280-8104-492BD710782F}.Debug|Any CPU.Build.0 = Debug|Any CPU
		{754B07DE-2B1A-4280-8104-492BD710782F}.Debug|Mixed Platforms.ActiveCfg = Debug|Any CPU
		{754B07DE-2B1A-4280-8104-492BD710782F}.Debug|Mixed Platforms.Build.0 = Debug|Any CPU
		{754B07DE-2B1A-4280-8104-492BD710782F}.Debug|Win32.ActiveCfg = Debug|Any CPU
		{754B07DE-2B1A-4280-8104-492BD710782F}.Debug|x86.ActiveCfg = Debug|Any CPU
		{754B07DE-2B1A-4280-8104-492BD710782F}.Release_UK|Any CPU.ActiveCfg = Release_UK|Any CPU
		{754B07DE-2B1A-4280-8104-492BD710782F}.Release_UK|Any CPU.Build.0 = Release_UK|Any CPU
		{754B07DE-2B1A-4280-8104-492BD710782F}.Release_UK|Mixed Platforms.ActiveCfg = Release|Any CPU
		{754B07DE-2B1A-4280-8104-492BD710782F}.Release_UK|Mixed Platforms.Build.0 = Release|Any CPU
		{754B07DE-2B1A-4280-8104-492BD710782F}.Release_UK|Win32.ActiveCfg = Release|Any CPU
		{754B07DE-2B1A-4280-8104-492BD710782F}.Release_UK|x86.ActiveCfg = Release|Any CPU
		{754B07DE-2B1A-4280-8104-492BD710782F}.Release|Any CPU.ActiveCfg = Release|Any CPU
		{754B07DE-2B1A-4280-8104-492BD710782F}.Release|Any CPU.Build.0 = Release|Any CPU
		{754B07DE-2B1A-4280-8104-492BD710782F}.Release|Mixed Platforms.ActiveCfg = Release|Any CPU
		{754B07DE-2B1A-4280-8104-492BD710782F}.Release|Mixed Platforms.Build.0 = Release|Any CPU
		{754B07DE-2B1A-4280-8104-492BD710782F}.Release|Win32.ActiveCfg = Release|Any CPU
		{754B07DE-2B1A-4280-8104-492BD710782F}.Release|x86.ActiveCfg = Release|Any CPU
		{4991E344-03BE-4F18-8CE7-19EBEE0E9477}.Debug|Any CPU.ActiveCfg = Debug|Any CPU
		{4991E344-03BE-4F18-8CE7-19EBEE0E9477}.Debug|Any CPU.Build.0 = Debug|Any CPU
		{4991E344-03BE-4F18-8CE7-19EBEE0E9477}.Debug|Mixed Platforms.ActiveCfg = Debug|Any CPU
		{4991E344-03BE-4F18-8CE7-19EBEE0E9477}.Debug|Mixed Platforms.Build.0 = Debug|Any CPU
		{4991E344-03BE-4F18-8CE7-19EBEE0E9477}.Debug|Win32.ActiveCfg = Debug|Any CPU
		{4991E344-03BE-4F18-8CE7-19EBEE0E9477}.Debug|x86.ActiveCfg = Debug|Any CPU
		{4991E344-03BE-4F18-8CE7-19EBEE0E9477}.Release_UK|Any CPU.ActiveCfg = Release_UK|Any CPU
		{4991E344-03BE-4F18-8CE7-19EBEE0E9477}.Release_UK|Any CPU.Build.0 = Release_UK|Any CPU
		{4991E344-03BE-4F18-8CE7-19EBEE0E9477}.Release_UK|Mixed Platforms.ActiveCfg = Release|Any CPU
		{4991E344-03BE-4F18-8CE7-19EBEE0E9477}.Release_UK|Mixed Platforms.Build.0 = Release|Any CPU
		{4991E344-03BE-4F18-8CE7-19EBEE0E9477}.Release_UK|Win32.ActiveCfg = Release|Any CPU
		{4991E344-03BE-4F18-8CE7-19EBEE0E9477}.Release_UK|x86.ActiveCfg = Release|Any CPU
		{4991E344-03BE-4F18-8CE7-19EBEE0E9477}.Release|Any CPU.ActiveCfg = Release|Any CPU
		{4991E344-03BE-4F18-8CE7-19EBEE0E9477}.Release|Any CPU.Build.0 = Release|Any CPU
		{4991E344-03BE-4F18-8CE7-19EBEE0E9477}.Release|Mixed Platforms.ActiveCfg = Release|Any CPU
		{4991E344-03BE-4F18-8CE7-19EBEE0E9477}.Release|Mixed Platforms.Build.0 = Release|Any CPU
		{4991E344-03BE-4F18-8CE7-19EBEE0E9477}.Release|Win32.ActiveCfg = Release|Any CPU
		{4991E344-03BE-4F18-8CE7-19EBEE0E9477}.Release|x86.ActiveCfg = Release|Any CPU
		{B7F7C246-6B58-4672-BF91-6A2105532622}.Debug|Any CPU.ActiveCfg = Debug|Any CPU
		{B7F7C246-6B58-4672-BF91-6A2105532622}.Debug|Any CPU.Build.0 = Debug|Any CPU
		{B7F7C246-6B58-4672-BF91-6A2105532622}.Debug|Mixed Platforms.ActiveCfg = Debug|Any CPU
		{B7F7C246-6B58-4672-BF91-6A2105532622}.Debug|Mixed Platforms.Build.0 = Debug|Any CPU
		{B7F7C246-6B58-4672-BF91-6A2105532622}.Debug|Win32.ActiveCfg = Debug|Any CPU
		{B7F7C246-6B58-4672-BF91-6A2105532622}.Debug|x86.ActiveCfg = Debug|Any CPU
		{B7F7C246-6B58-4672-BF91-6A2105532622}.Release_UK|Any CPU.ActiveCfg = Release_UK|Any CPU
		{B7F7C246-6B58-4672-BF91-6A2105532622}.Release_UK|Any CPU.Build.0 = Release_UK|Any CPU
		{B7F7C246-6B58-4672-BF91-6A2105532622}.Release_UK|Mixed Platforms.ActiveCfg = Release|Any CPU
		{B7F7C246-6B58-4672-BF91-6A2105532622}.Release_UK|Mixed Platforms.Build.0 = Release|Any CPU
		{B7F7C246-6B58-4672-BF91-6A2105532622}.Release_UK|Win32.ActiveCfg = Release|Any CPU
		{B7F7C246-6B58-4672-BF91-6A2105532622}.Release_UK|x86.ActiveCfg = Release|Any CPU
		{B7F7C246-6B58-4672-BF91-6A2105532622}.Release|Any CPU.ActiveCfg = Release|Any CPU
		{B7F7C246-6B58-4672-BF91-6A2105532622}.Release|Any CPU.Build.0 = Release|Any CPU
		{B7F7C246-6B58-4672-BF91-6A2105532622}.Release|Mixed Platforms.ActiveCfg = Release|Any CPU
		{B7F7C246-6B58-4672-BF91-6A2105532622}.Release|Mixed Platforms.Build.0 = Release|Any CPU
		{B7F7C246-6B58-4672-BF91-6A2105532622}.Release|Win32.ActiveCfg = Release|Any CPU
		{B7F7C246-6B58-4672-BF91-6A2105532622}.Release|x86.ActiveCfg = Release|Any CPU
		{185845FD-3B7A-457D-AAC3-7AC51C0562B5}.Debug|Any CPU.ActiveCfg = Debug|Any CPU
		{185845FD-3B7A-457D-AAC3-7AC51C0562B5}.Debug|Any CPU.Build.0 = Debug|Any CPU
		{185845FD-3B7A-457D-AAC3-7AC51C0562B5}.Debug|Mixed Platforms.ActiveCfg = Debug|Any CPU
		{185845FD-3B7A-457D-AAC3-7AC51C0562B5}.Debug|Mixed Platforms.Build.0 = Debug|Any CPU
		{185845FD-3B7A-457D-AAC3-7AC51C0562B5}.Debug|Win32.ActiveCfg = Debug|Any CPU
		{185845FD-3B7A-457D-AAC3-7AC51C0562B5}.Debug|x86.ActiveCfg = Debug|Any CPU
		{185845FD-3B7A-457D-AAC3-7AC51C0562B5}.Release_UK|Any CPU.ActiveCfg = Release_UK|Any CPU
		{185845FD-3B7A-457D-AAC3-7AC51C0562B5}.Release_UK|Any CPU.Build.0 = Release_UK|Any CPU
		{185845FD-3B7A-457D-AAC3-7AC51C0562B5}.Release_UK|Mixed Platforms.ActiveCfg = Release|Any CPU
		{185845FD-3B7A-457D-AAC3-7AC51C0562B5}.Release_UK|Mixed Platforms.Build.0 = Release|Any CPU
		{185845FD-3B7A-457D-AAC3-7AC51C0562B5}.Release_UK|Win32.ActiveCfg = Release|Any CPU
		{185845FD-3B7A-457D-AAC3-7AC51C0562B5}.Release_UK|x86.ActiveCfg = Release|Any CPU
		{185845FD-3B7A-457D-AAC3-7AC51C0562B5}.Release|Any CPU.ActiveCfg = Release|Any CPU
		{185845FD-3B7A-457D-AAC3-7AC51C0562B5}.Release|Any CPU.Build.0 = Release|Any CPU
		{185845FD-3B7A-457D-AAC3-7AC51C0562B5}.Release|Mixed Platforms.ActiveCfg = Release|Any CPU
		{185845FD-3B7A-457D-AAC3-7AC51C0562B5}.Release|Mixed Platforms.Build.0 = Release|Any CPU
		{185845FD-3B7A-457D-AAC3-7AC51C0562B5}.Release|Win32.ActiveCfg = Release|Any CPU
		{185845FD-3B7A-457D-AAC3-7AC51C0562B5}.Release|x86.ActiveCfg = Release|Any CPU
		{B7EF7162-F6CA-4C1C-8612-94DBDACFF0D7}.Debug|Any CPU.ActiveCfg = Debug|Any CPU
		{B7EF7162-F6CA-4C1C-8612-94DBDACFF0D7}.Debug|Any CPU.Build.0 = Debug|Any CPU
		{B7EF7162-F6CA-4C1C-8612-94DBDACFF0D7}.Debug|Mixed Platforms.ActiveCfg = Debug|Any CPU
		{B7EF7162-F6CA-4C1C-8612-94DBDACFF0D7}.Debug|Mixed Platforms.Build.0 = Debug|Any CPU
		{B7EF7162-F6CA-4C1C-8612-94DBDACFF0D7}.Debug|Win32.ActiveCfg = Debug|Any CPU
		{B7EF7162-F6CA-4C1C-8612-94DBDACFF0D7}.Debug|x86.ActiveCfg = Debug|Any CPU
		{B7EF7162-F6CA-4C1C-8612-94DBDACFF0D7}.Release_UK|Any CPU.ActiveCfg = Release_UK|Any CPU
		{B7EF7162-F6CA-4C1C-8612-94DBDACFF0D7}.Release_UK|Any CPU.Build.0 = Release_UK|Any CPU
		{B7EF7162-F6CA-4C1C-8612-94DBDACFF0D7}.Release_UK|Mixed Platforms.ActiveCfg = Release|Any CPU
		{B7EF7162-F6CA-4C1C-8612-94DBDACFF0D7}.Release_UK|Mixed Platforms.Build.0 = Release|Any CPU
		{B7EF7162-F6CA-4C1C-8612-94DBDACFF0D7}.Release_UK|Win32.ActiveCfg = Release|Any CPU
		{B7EF7162-F6CA-4C1C-8612-94DBDACFF0D7}.Release_UK|x86.ActiveCfg = Release|Any CPU
		{B7EF7162-F6CA-4C1C-8612-94DBDACFF0D7}.Release|Any CPU.ActiveCfg = Release|Any CPU
		{B7EF7162-F6CA-4C1C-8612-94DBDACFF0D7}.Release|Any CPU.Build.0 = Release|Any CPU
		{B7EF7162-F6CA-4C1C-8612-94DBDACFF0D7}.Release|Mixed Platforms.ActiveCfg = Release|Any CPU
		{B7EF7162-F6CA-4C1C-8612-94DBDACFF0D7}.Release|Mixed Platforms.Build.0 = Release|Any CPU
		{B7EF7162-F6CA-4C1C-8612-94DBDACFF0D7}.Release|Win32.ActiveCfg = Release|Any CPU
		{B7EF7162-F6CA-4C1C-8612-94DBDACFF0D7}.Release|x86.ActiveCfg = Release|Any CPU
		{DBBBAD4A-05CA-402D-8E50-534312189DF0}.Debug|Any CPU.ActiveCfg = Debug|Any CPU
		{DBBBAD4A-05CA-402D-8E50-534312189DF0}.Debug|Any CPU.Build.0 = Debug|Any CPU
		{DBBBAD4A-05CA-402D-8E50-534312189DF0}.Debug|Mixed Platforms.ActiveCfg = Debug|Any CPU
		{DBBBAD4A-05CA-402D-8E50-534312189DF0}.Debug|Mixed Platforms.Build.0 = Debug|Any CPU
		{DBBBAD4A-05CA-402D-8E50-534312189DF0}.Debug|Win32.ActiveCfg = Debug|x86
		{DBBBAD4A-05CA-402D-8E50-534312189DF0}.Debug|x86.ActiveCfg = Debug|x86
		{DBBBAD4A-05CA-402D-8E50-534312189DF0}.Debug|x86.Build.0 = Debug|x86
		{DBBBAD4A-05CA-402D-8E50-534312189DF0}.Release_UK|Any CPU.ActiveCfg = Release_UK|Any CPU
		{DBBBAD4A-05CA-402D-8E50-534312189DF0}.Release_UK|Any CPU.Build.0 = Release_UK|Any CPU
		{DBBBAD4A-05CA-402D-8E50-534312189DF0}.Release_UK|Mixed Platforms.ActiveCfg = Release_UK|x86
		{DBBBAD4A-05CA-402D-8E50-534312189DF0}.Release_UK|Mixed Platforms.Build.0 = Release_UK|x86
		{DBBBAD4A-05CA-402D-8E50-534312189DF0}.Release_UK|Win32.ActiveCfg = Release_UK|x86
		{DBBBAD4A-05CA-402D-8E50-534312189DF0}.Release_UK|x86.ActiveCfg = Release_UK|x86
		{DBBBAD4A-05CA-402D-8E50-534312189DF0}.Release_UK|x86.Build.0 = Release_UK|x86
		{DBBBAD4A-05CA-402D-8E50-534312189DF0}.Release|Any CPU.ActiveCfg = Release|Any CPU
		{DBBBAD4A-05CA-402D-8E50-534312189DF0}.Release|Any CPU.Build.0 = Release|Any CPU
		{DBBBAD4A-05CA-402D-8E50-534312189DF0}.Release|Mixed Platforms.ActiveCfg = Release|x86
		{DBBBAD4A-05CA-402D-8E50-534312189DF0}.Release|Mixed Platforms.Build.0 = Release|x86
		{DBBBAD4A-05CA-402D-8E50-534312189DF0}.Release|Win32.ActiveCfg = Release|x86
		{DBBBAD4A-05CA-402D-8E50-534312189DF0}.Release|x86.ActiveCfg = Release|x86
		{DBBBAD4A-05CA-402D-8E50-534312189DF0}.Release|x86.Build.0 = Release|x86
		{70009C5E-8CA4-4421-BBD2-4683989764D2}.Debug|Any CPU.ActiveCfg = Debug|Any CPU
		{70009C5E-8CA4-4421-BBD2-4683989764D2}.Debug|Any CPU.Build.0 = Debug|Any CPU
		{70009C5E-8CA4-4421-BBD2-4683989764D2}.Debug|Mixed Platforms.ActiveCfg = Debug|Any CPU
		{70009C5E-8CA4-4421-BBD2-4683989764D2}.Debug|Mixed Platforms.Build.0 = Debug|Any CPU
		{70009C5E-8CA4-4421-BBD2-4683989764D2}.Debug|Win32.ActiveCfg = Debug|Any CPU
		{70009C5E-8CA4-4421-BBD2-4683989764D2}.Debug|x86.ActiveCfg = Debug|Any CPU
		{70009C5E-8CA4-4421-BBD2-4683989764D2}.Release_UK|Any CPU.ActiveCfg = Release_UK|Any CPU
		{70009C5E-8CA4-4421-BBD2-4683989764D2}.Release_UK|Any CPU.Build.0 = Release_UK|Any CPU
		{70009C5E-8CA4-4421-BBD2-4683989764D2}.Release_UK|Mixed Platforms.ActiveCfg = Release_UK|Any CPU
		{70009C5E-8CA4-4421-BBD2-4683989764D2}.Release_UK|Mixed Platforms.Build.0 = Release_UK|Any CPU
		{70009C5E-8CA4-4421-BBD2-4683989764D2}.Release_UK|Win32.ActiveCfg = Release_UK|Any CPU
		{70009C5E-8CA4-4421-BBD2-4683989764D2}.Release_UK|x86.ActiveCfg = Release_UK|Any CPU
		{70009C5E-8CA4-4421-BBD2-4683989764D2}.Release|Any CPU.ActiveCfg = Release|Any CPU
		{70009C5E-8CA4-4421-BBD2-4683989764D2}.Release|Any CPU.Build.0 = Release|Any CPU
		{70009C5E-8CA4-4421-BBD2-4683989764D2}.Release|Mixed Platforms.ActiveCfg = Release|Any CPU
		{70009C5E-8CA4-4421-BBD2-4683989764D2}.Release|Mixed Platforms.Build.0 = Release|Any CPU
		{70009C5E-8CA4-4421-BBD2-4683989764D2}.Release|Win32.ActiveCfg = Release|Any CPU
		{70009C5E-8CA4-4421-BBD2-4683989764D2}.Release|x86.ActiveCfg = Release|Any CPU
		{8B2B303E-6986-4BA1-950D-09810A7A1A63}.Debug|Any CPU.ActiveCfg = Debug|Any CPU
		{8B2B303E-6986-4BA1-950D-09810A7A1A63}.Debug|Any CPU.Build.0 = Debug|Any CPU
		{8B2B303E-6986-4BA1-950D-09810A7A1A63}.Debug|Mixed Platforms.ActiveCfg = Debug|Any CPU
		{8B2B303E-6986-4BA1-950D-09810A7A1A63}.Debug|Mixed Platforms.Build.0 = Debug|Any CPU
		{8B2B303E-6986-4BA1-950D-09810A7A1A63}.Debug|Win32.ActiveCfg = Debug|Any CPU
		{8B2B303E-6986-4BA1-950D-09810A7A1A63}.Debug|x86.ActiveCfg = Debug|x86
		{8B2B303E-6986-4BA1-950D-09810A7A1A63}.Debug|x86.Build.0 = Debug|x86
		{8B2B303E-6986-4BA1-950D-09810A7A1A63}.Release_UK|Any CPU.ActiveCfg = Release_UK|Any CPU
		{8B2B303E-6986-4BA1-950D-09810A7A1A63}.Release_UK|Any CPU.Build.0 = Release_UK|Any CPU
		{8B2B303E-6986-4BA1-950D-09810A7A1A63}.Release_UK|Mixed Platforms.ActiveCfg = Release_UK|Any CPU
		{8B2B303E-6986-4BA1-950D-09810A7A1A63}.Release_UK|Mixed Platforms.Build.0 = Release_UK|Any CPU
		{8B2B303E-6986-4BA1-950D-09810A7A1A63}.Release_UK|Win32.ActiveCfg = Release_UK|Any CPU
		{8B2B303E-6986-4BA1-950D-09810A7A1A63}.Release_UK|x86.ActiveCfg = Release_UK|x86
		{8B2B303E-6986-4BA1-950D-09810A7A1A63}.Release_UK|x86.Build.0 = Release_UK|x86
		{8B2B303E-6986-4BA1-950D-09810A7A1A63}.Release|Any CPU.ActiveCfg = Release|Any CPU
		{8B2B303E-6986-4BA1-950D-09810A7A1A63}.Release|Any CPU.Build.0 = Release|Any CPU
		{8B2B303E-6986-4BA1-950D-09810A7A1A63}.Release|Mixed Platforms.ActiveCfg = Release|Any CPU
		{8B2B303E-6986-4BA1-950D-09810A7A1A63}.Release|Mixed Platforms.Build.0 = Release|Any CPU
		{8B2B303E-6986-4BA1-950D-09810A7A1A63}.Release|Win32.ActiveCfg = Release|Any CPU
		{8B2B303E-6986-4BA1-950D-09810A7A1A63}.Release|x86.ActiveCfg = Release|x86
		{8B2B303E-6986-4BA1-950D-09810A7A1A63}.Release|x86.Build.0 = Release|x86
		{6A8118DD-0C34-4353-8F86-0A7A4B6ADE09}.Debug|Any CPU.ActiveCfg = Debug|Any CPU
		{6A8118DD-0C34-4353-8F86-0A7A4B6ADE09}.Debug|Any CPU.Build.0 = Debug|Any CPU
		{6A8118DD-0C34-4353-8F86-0A7A4B6ADE09}.Debug|Mixed Platforms.ActiveCfg = Debug|Any CPU
		{6A8118DD-0C34-4353-8F86-0A7A4B6ADE09}.Debug|Mixed Platforms.Build.0 = Debug|Any CPU
		{6A8118DD-0C34-4353-8F86-0A7A4B6ADE09}.Debug|Win32.ActiveCfg = Debug|x86
		{6A8118DD-0C34-4353-8F86-0A7A4B6ADE09}.Debug|x86.ActiveCfg = Debug|x86
		{6A8118DD-0C34-4353-8F86-0A7A4B6ADE09}.Debug|x86.Build.0 = Debug|x86
		{6A8118DD-0C34-4353-8F86-0A7A4B6ADE09}.Release_UK|Any CPU.ActiveCfg = Release_UK|Any CPU
		{6A8118DD-0C34-4353-8F86-0A7A4B6ADE09}.Release_UK|Any CPU.Build.0 = Release_UK|Any CPU
		{6A8118DD-0C34-4353-8F86-0A7A4B6ADE09}.Release_UK|Mixed Platforms.ActiveCfg = Release_UK|x86
		{6A8118DD-0C34-4353-8F86-0A7A4B6ADE09}.Release_UK|Mixed Platforms.Build.0 = Release_UK|x86
		{6A8118DD-0C34-4353-8F86-0A7A4B6ADE09}.Release_UK|Win32.ActiveCfg = Release_UK|x86
		{6A8118DD-0C34-4353-8F86-0A7A4B6ADE09}.Release_UK|x86.ActiveCfg = Release_UK|x86
		{6A8118DD-0C34-4353-8F86-0A7A4B6ADE09}.Release_UK|x86.Build.0 = Release_UK|x86
		{6A8118DD-0C34-4353-8F86-0A7A4B6ADE09}.Release|Any CPU.ActiveCfg = Release|Any CPU
		{6A8118DD-0C34-4353-8F86-0A7A4B6ADE09}.Release|Any CPU.Build.0 = Release|Any CPU
		{6A8118DD-0C34-4353-8F86-0A7A4B6ADE09}.Release|Mixed Platforms.ActiveCfg = Release|x86
		{6A8118DD-0C34-4353-8F86-0A7A4B6ADE09}.Release|Mixed Platforms.Build.0 = Release|x86
		{6A8118DD-0C34-4353-8F86-0A7A4B6ADE09}.Release|Win32.ActiveCfg = Release|x86
		{6A8118DD-0C34-4353-8F86-0A7A4B6ADE09}.Release|x86.ActiveCfg = Release|x86
		{6A8118DD-0C34-4353-8F86-0A7A4B6ADE09}.Release|x86.Build.0 = Release|x86
		{9429F689-EAF5-4E5F-9A53-CD3F48E746A7}.Debug|Any CPU.ActiveCfg = Debug|Any CPU
		{9429F689-EAF5-4E5F-9A53-CD3F48E746A7}.Debug|Any CPU.Build.0 = Debug|Any CPU
		{9429F689-EAF5-4E5F-9A53-CD3F48E746A7}.Debug|Mixed Platforms.ActiveCfg = Debug|Any CPU
		{9429F689-EAF5-4E5F-9A53-CD3F48E746A7}.Debug|Mixed Platforms.Build.0 = Debug|Any CPU
		{9429F689-EAF5-4E5F-9A53-CD3F48E746A7}.Debug|Win32.ActiveCfg = Debug|Any CPU
		{9429F689-EAF5-4E5F-9A53-CD3F48E746A7}.Debug|x86.ActiveCfg = Debug|Any CPU
		{9429F689-EAF5-4E5F-9A53-CD3F48E746A7}.Release_UK|Any CPU.ActiveCfg = Release_UK|Any CPU
		{9429F689-EAF5-4E5F-9A53-CD3F48E746A7}.Release_UK|Any CPU.Build.0 = Release_UK|Any CPU
		{9429F689-EAF5-4E5F-9A53-CD3F48E746A7}.Release_UK|Mixed Platforms.ActiveCfg = Release_UK|Any CPU
		{9429F689-EAF5-4E5F-9A53-CD3F48E746A7}.Release_UK|Mixed Platforms.Build.0 = Release_UK|Any CPU
		{9429F689-EAF5-4E5F-9A53-CD3F48E746A7}.Release_UK|Win32.ActiveCfg = Release_UK|Any CPU
		{9429F689-EAF5-4E5F-9A53-CD3F48E746A7}.Release_UK|x86.ActiveCfg = Release_UK|Any CPU
		{9429F689-EAF5-4E5F-9A53-CD3F48E746A7}.Release|Any CPU.ActiveCfg = Release|Any CPU
		{9429F689-EAF5-4E5F-9A53-CD3F48E746A7}.Release|Any CPU.Build.0 = Release|Any CPU
		{9429F689-EAF5-4E5F-9A53-CD3F48E746A7}.Release|Mixed Platforms.ActiveCfg = Release|Any CPU
		{9429F689-EAF5-4E5F-9A53-CD3F48E746A7}.Release|Mixed Platforms.Build.0 = Release|Any CPU
		{9429F689-EAF5-4E5F-9A53-CD3F48E746A7}.Release|Win32.ActiveCfg = Release|Any CPU
		{9429F689-EAF5-4E5F-9A53-CD3F48E746A7}.Release|x86.ActiveCfg = Release|Any CPU
		{D6B9CC2B-A8D2-4C64-9DDC-73D6D7299CB6}.Debug|Any CPU.ActiveCfg = Debug|Any CPU
		{D6B9CC2B-A8D2-4C64-9DDC-73D6D7299CB6}.Debug|Any CPU.Build.0 = Debug|Any CPU
		{D6B9CC2B-A8D2-4C64-9DDC-73D6D7299CB6}.Debug|Mixed Platforms.ActiveCfg = Debug|Any CPU
		{D6B9CC2B-A8D2-4C64-9DDC-73D6D7299CB6}.Debug|Mixed Platforms.Build.0 = Debug|Any CPU
		{D6B9CC2B-A8D2-4C64-9DDC-73D6D7299CB6}.Debug|Win32.ActiveCfg = Debug|Any CPU
		{D6B9CC2B-A8D2-4C64-9DDC-73D6D7299CB6}.Debug|x86.ActiveCfg = Debug|Any CPU
		{D6B9CC2B-A8D2-4C64-9DDC-73D6D7299CB6}.Release_UK|Any CPU.ActiveCfg = Release_UK|Any CPU
		{D6B9CC2B-A8D2-4C64-9DDC-73D6D7299CB6}.Release_UK|Any CPU.Build.0 = Release_UK|Any CPU
		{D6B9CC2B-A8D2-4C64-9DDC-73D6D7299CB6}.Release_UK|Mixed Platforms.ActiveCfg = Release_UK|Any CPU
		{D6B9CC2B-A8D2-4C64-9DDC-73D6D7299CB6}.Release_UK|Mixed Platforms.Build.0 = Release_UK|Any CPU
		{D6B9CC2B-A8D2-4C64-9DDC-73D6D7299CB6}.Release_UK|Win32.ActiveCfg = Release_UK|Any CPU
		{D6B9CC2B-A8D2-4C64-9DDC-73D6D7299CB6}.Release_UK|x86.ActiveCfg = Release_UK|Any CPU
		{D6B9CC2B-A8D2-4C64-9DDC-73D6D7299CB6}.Release|Any CPU.ActiveCfg = Release|Any CPU
		{D6B9CC2B-A8D2-4C64-9DDC-73D6D7299CB6}.Release|Any CPU.Build.0 = Release|Any CPU
		{D6B9CC2B-A8D2-4C64-9DDC-73D6D7299CB6}.Release|Mixed Platforms.ActiveCfg = Release|Any CPU
		{D6B9CC2B-A8D2-4C64-9DDC-73D6D7299CB6}.Release|Mixed Platforms.Build.0 = Release|Any CPU
		{D6B9CC2B-A8D2-4C64-9DDC-73D6D7299CB6}.Release|Win32.ActiveCfg = Release|Any CPU
		{D6B9CC2B-A8D2-4C64-9DDC-73D6D7299CB6}.Release|x86.ActiveCfg = Release|Any CPU
		{DB874B12-9B5B-4C28-9235-9E61EC163C0C}.Debug|Any CPU.ActiveCfg = Debug|Any CPU
		{DB874B12-9B5B-4C28-9235-9E61EC163C0C}.Debug|Any CPU.Build.0 = Debug|Any CPU
		{DB874B12-9B5B-4C28-9235-9E61EC163C0C}.Debug|Mixed Platforms.ActiveCfg = Debug|x86
		{DB874B12-9B5B-4C28-9235-9E61EC163C0C}.Debug|Mixed Platforms.Build.0 = Debug|x86
		{DB874B12-9B5B-4C28-9235-9E61EC163C0C}.Debug|Win32.ActiveCfg = Debug|x86
		{DB874B12-9B5B-4C28-9235-9E61EC163C0C}.Debug|x86.ActiveCfg = Debug|x86
		{DB874B12-9B5B-4C28-9235-9E61EC163C0C}.Debug|x86.Build.0 = Debug|x86
		{DB874B12-9B5B-4C28-9235-9E61EC163C0C}.Release_UK|Any CPU.ActiveCfg = Release_UK|Any CPU
		{DB874B12-9B5B-4C28-9235-9E61EC163C0C}.Release_UK|Any CPU.Build.0 = Release_UK|Any CPU
		{DB874B12-9B5B-4C28-9235-9E61EC163C0C}.Release_UK|Mixed Platforms.ActiveCfg = Release_UK|x86
		{DB874B12-9B5B-4C28-9235-9E61EC163C0C}.Release_UK|Mixed Platforms.Build.0 = Release_UK|x86
		{DB874B12-9B5B-4C28-9235-9E61EC163C0C}.Release_UK|Win32.ActiveCfg = Release_UK|x86
		{DB874B12-9B5B-4C28-9235-9E61EC163C0C}.Release_UK|x86.ActiveCfg = Release_UK|x86
		{DB874B12-9B5B-4C28-9235-9E61EC163C0C}.Release_UK|x86.Build.0 = Release_UK|x86
		{DB874B12-9B5B-4C28-9235-9E61EC163C0C}.Release|Any CPU.ActiveCfg = Release|Any CPU
		{DB874B12-9B5B-4C28-9235-9E61EC163C0C}.Release|Any CPU.Build.0 = Release|Any CPU
		{DB874B12-9B5B-4C28-9235-9E61EC163C0C}.Release|Mixed Platforms.ActiveCfg = Release|x86
		{DB874B12-9B5B-4C28-9235-9E61EC163C0C}.Release|Mixed Platforms.Build.0 = Release|x86
		{DB874B12-9B5B-4C28-9235-9E61EC163C0C}.Release|Win32.ActiveCfg = Release|x86
		{DB874B12-9B5B-4C28-9235-9E61EC163C0C}.Release|x86.ActiveCfg = Release|x86
		{DB874B12-9B5B-4C28-9235-9E61EC163C0C}.Release|x86.Build.0 = Release|x86
		{996D0F8A-C1BE-4A69-9C3B-56E19E8D38D3}.Debug|Any CPU.ActiveCfg = Debug|Any CPU
		{996D0F8A-C1BE-4A69-9C3B-56E19E8D38D3}.Debug|Any CPU.Build.0 = Debug|Any CPU
		{996D0F8A-C1BE-4A69-9C3B-56E19E8D38D3}.Debug|Mixed Platforms.ActiveCfg = Debug|Any CPU
		{996D0F8A-C1BE-4A69-9C3B-56E19E8D38D3}.Debug|Mixed Platforms.Build.0 = Debug|Any CPU
		{996D0F8A-C1BE-4A69-9C3B-56E19E8D38D3}.Debug|Win32.ActiveCfg = Debug|Any CPU
		{996D0F8A-C1BE-4A69-9C3B-56E19E8D38D3}.Debug|x86.ActiveCfg = Debug|Any CPU
		{996D0F8A-C1BE-4A69-9C3B-56E19E8D38D3}.Release_UK|Any CPU.ActiveCfg = Release_UK|Any CPU
		{996D0F8A-C1BE-4A69-9C3B-56E19E8D38D3}.Release_UK|Any CPU.Build.0 = Release_UK|Any CPU
		{996D0F8A-C1BE-4A69-9C3B-56E19E8D38D3}.Release_UK|Mixed Platforms.ActiveCfg = Release_UK|Any CPU
		{996D0F8A-C1BE-4A69-9C3B-56E19E8D38D3}.Release_UK|Mixed Platforms.Build.0 = Release_UK|Any CPU
		{996D0F8A-C1BE-4A69-9C3B-56E19E8D38D3}.Release_UK|Win32.ActiveCfg = Release_UK|Any CPU
		{996D0F8A-C1BE-4A69-9C3B-56E19E8D38D3}.Release_UK|x86.ActiveCfg = Release_UK|Any CPU
		{996D0F8A-C1BE-4A69-9C3B-56E19E8D38D3}.Release|Any CPU.ActiveCfg = Release|Any CPU
		{996D0F8A-C1BE-4A69-9C3B-56E19E8D38D3}.Release|Any CPU.Build.0 = Release|Any CPU
		{996D0F8A-C1BE-4A69-9C3B-56E19E8D38D3}.Release|Mixed Platforms.ActiveCfg = Release|Any CPU
		{996D0F8A-C1BE-4A69-9C3B-56E19E8D38D3}.Release|Mixed Platforms.Build.0 = Release|Any CPU
		{996D0F8A-C1BE-4A69-9C3B-56E19E8D38D3}.Release|Win32.ActiveCfg = Release|Any CPU
		{996D0F8A-C1BE-4A69-9C3B-56E19E8D38D3}.Release|x86.ActiveCfg = Release|Any CPU
		{1ADD2ECB-2B24-4162-8965-3EFAA9BB041E}.Debug|Any CPU.ActiveCfg = Debug|Any CPU
		{1ADD2ECB-2B24-4162-8965-3EFAA9BB041E}.Debug|Any CPU.Build.0 = Debug|Any CPU
		{1ADD2ECB-2B24-4162-8965-3EFAA9BB041E}.Debug|Mixed Platforms.ActiveCfg = Debug|Any CPU
		{1ADD2ECB-2B24-4162-8965-3EFAA9BB041E}.Debug|Mixed Platforms.Build.0 = Debug|Any CPU
		{1ADD2ECB-2B24-4162-8965-3EFAA9BB041E}.Debug|Win32.ActiveCfg = Debug|Any CPU
		{1ADD2ECB-2B24-4162-8965-3EFAA9BB041E}.Debug|x86.ActiveCfg = Debug|Any CPU
		{1ADD2ECB-2B24-4162-8965-3EFAA9BB041E}.Release_UK|Any CPU.ActiveCfg = Release_UK|Any CPU
		{1ADD2ECB-2B24-4162-8965-3EFAA9BB041E}.Release_UK|Any CPU.Build.0 = Release_UK|Any CPU
		{1ADD2ECB-2B24-4162-8965-3EFAA9BB041E}.Release_UK|Mixed Platforms.ActiveCfg = Release_UK|Any CPU
		{1ADD2ECB-2B24-4162-8965-3EFAA9BB041E}.Release_UK|Mixed Platforms.Build.0 = Release_UK|Any CPU
		{1ADD2ECB-2B24-4162-8965-3EFAA9BB041E}.Release_UK|Win32.ActiveCfg = Release_UK|Any CPU
		{1ADD2ECB-2B24-4162-8965-3EFAA9BB041E}.Release_UK|x86.ActiveCfg = Release_UK|Any CPU
		{1ADD2ECB-2B24-4162-8965-3EFAA9BB041E}.Release|Any CPU.ActiveCfg = Release|Any CPU
		{1ADD2ECB-2B24-4162-8965-3EFAA9BB041E}.Release|Any CPU.Build.0 = Release|Any CPU
		{1ADD2ECB-2B24-4162-8965-3EFAA9BB041E}.Release|Mixed Platforms.ActiveCfg = Release|Any CPU
		{1ADD2ECB-2B24-4162-8965-3EFAA9BB041E}.Release|Mixed Platforms.Build.0 = Release|Any CPU
		{1ADD2ECB-2B24-4162-8965-3EFAA9BB041E}.Release|Win32.ActiveCfg = Release|Any CPU
		{1ADD2ECB-2B24-4162-8965-3EFAA9BB041E}.Release|x86.ActiveCfg = Release|Any CPU
		{5AA7EC32-4A02-4EF4-9364-082E26A24158}.Debug|Any CPU.ActiveCfg = Debug|Any CPU
		{5AA7EC32-4A02-4EF4-9364-082E26A24158}.Debug|Any CPU.Build.0 = Debug|Any CPU
		{5AA7EC32-4A02-4EF4-9364-082E26A24158}.Debug|Mixed Platforms.ActiveCfg = Debug|Any CPU
		{5AA7EC32-4A02-4EF4-9364-082E26A24158}.Debug|Mixed Platforms.Build.0 = Debug|Any CPU
		{5AA7EC32-4A02-4EF4-9364-082E26A24158}.Debug|Win32.ActiveCfg = Debug|Any CPU
		{5AA7EC32-4A02-4EF4-9364-082E26A24158}.Debug|x86.ActiveCfg = Debug|Any CPU
		{5AA7EC32-4A02-4EF4-9364-082E26A24158}.Release_UK|Any CPU.ActiveCfg = Release_UK|Any CPU
		{5AA7EC32-4A02-4EF4-9364-082E26A24158}.Release_UK|Any CPU.Build.0 = Release_UK|Any CPU
		{5AA7EC32-4A02-4EF4-9364-082E26A24158}.Release_UK|Mixed Platforms.ActiveCfg = Release_UK|Any CPU
		{5AA7EC32-4A02-4EF4-9364-082E26A24158}.Release_UK|Mixed Platforms.Build.0 = Release_UK|Any CPU
		{5AA7EC32-4A02-4EF4-9364-082E26A24158}.Release_UK|Win32.ActiveCfg = Release_UK|Any CPU
		{5AA7EC32-4A02-4EF4-9364-082E26A24158}.Release_UK|x86.ActiveCfg = Release_UK|Any CPU
		{5AA7EC32-4A02-4EF4-9364-082E26A24158}.Release|Any CPU.ActiveCfg = Release|Any CPU
		{5AA7EC32-4A02-4EF4-9364-082E26A24158}.Release|Any CPU.Build.0 = Release|Any CPU
		{5AA7EC32-4A02-4EF4-9364-082E26A24158}.Release|Mixed Platforms.ActiveCfg = Release|Any CPU
		{5AA7EC32-4A02-4EF4-9364-082E26A24158}.Release|Mixed Platforms.Build.0 = Release|Any CPU
		{5AA7EC32-4A02-4EF4-9364-082E26A24158}.Release|Win32.ActiveCfg = Release|Any CPU
		{5AA7EC32-4A02-4EF4-9364-082E26A24158}.Release|x86.ActiveCfg = Release|Any CPU
		{34B70D66-6A92-457F-A737-2407683957D7}.Debug|Any CPU.ActiveCfg = Debug|Any CPU
		{34B70D66-6A92-457F-A737-2407683957D7}.Debug|Any CPU.Build.0 = Debug|Any CPU
		{34B70D66-6A92-457F-A737-2407683957D7}.Debug|Mixed Platforms.ActiveCfg = Debug|Any CPU
		{34B70D66-6A92-457F-A737-2407683957D7}.Debug|Mixed Platforms.Build.0 = Debug|Any CPU
		{34B70D66-6A92-457F-A737-2407683957D7}.Debug|Win32.ActiveCfg = Debug|Any CPU
		{34B70D66-6A92-457F-A737-2407683957D7}.Debug|x86.ActiveCfg = Debug|Any CPU
		{34B70D66-6A92-457F-A737-2407683957D7}.Release_UK|Any CPU.ActiveCfg = Release_UK|Any CPU
		{34B70D66-6A92-457F-A737-2407683957D7}.Release_UK|Any CPU.Build.0 = Release_UK|Any CPU
		{34B70D66-6A92-457F-A737-2407683957D7}.Release_UK|Mixed Platforms.ActiveCfg = Release_UK|Any CPU
		{34B70D66-6A92-457F-A737-2407683957D7}.Release_UK|Mixed Platforms.Build.0 = Release_UK|Any CPU
		{34B70D66-6A92-457F-A737-2407683957D7}.Release_UK|Win32.ActiveCfg = Release_UK|Any CPU
		{34B70D66-6A92-457F-A737-2407683957D7}.Release_UK|x86.ActiveCfg = Release_UK|Any CPU
		{34B70D66-6A92-457F-A737-2407683957D7}.Release|Any CPU.ActiveCfg = Release|Any CPU
		{34B70D66-6A92-457F-A737-2407683957D7}.Release|Any CPU.Build.0 = Release|Any CPU
		{34B70D66-6A92-457F-A737-2407683957D7}.Release|Mixed Platforms.ActiveCfg = Release|Any CPU
		{34B70D66-6A92-457F-A737-2407683957D7}.Release|Mixed Platforms.Build.0 = Release|Any CPU
		{34B70D66-6A92-457F-A737-2407683957D7}.Release|Win32.ActiveCfg = Release|Any CPU
		{34B70D66-6A92-457F-A737-2407683957D7}.Release|x86.ActiveCfg = Release|Any CPU
		{625C7D65-488E-46EF-B01B-9629743FC45D}.Debug|Any CPU.ActiveCfg = Debug|Any CPU
		{625C7D65-488E-46EF-B01B-9629743FC45D}.Debug|Any CPU.Build.0 = Debug|Any CPU
		{625C7D65-488E-46EF-B01B-9629743FC45D}.Debug|Mixed Platforms.ActiveCfg = Debug|Any CPU
		{625C7D65-488E-46EF-B01B-9629743FC45D}.Debug|Mixed Platforms.Build.0 = Debug|Any CPU
		{625C7D65-488E-46EF-B01B-9629743FC45D}.Debug|Win32.ActiveCfg = Debug|Any CPU
		{625C7D65-488E-46EF-B01B-9629743FC45D}.Debug|x86.ActiveCfg = Debug|Any CPU
		{625C7D65-488E-46EF-B01B-9629743FC45D}.Release_UK|Any CPU.ActiveCfg = Release_UK|Any CPU
		{625C7D65-488E-46EF-B01B-9629743FC45D}.Release_UK|Any CPU.Build.0 = Release_UK|Any CPU
		{625C7D65-488E-46EF-B01B-9629743FC45D}.Release_UK|Mixed Platforms.ActiveCfg = Release_UK|Any CPU
		{625C7D65-488E-46EF-B01B-9629743FC45D}.Release_UK|Mixed Platforms.Build.0 = Release_UK|Any CPU
		{625C7D65-488E-46EF-B01B-9629743FC45D}.Release_UK|Win32.ActiveCfg = Release_UK|Any CPU
		{625C7D65-488E-46EF-B01B-9629743FC45D}.Release_UK|x86.ActiveCfg = Release_UK|Any CPU
		{625C7D65-488E-46EF-B01B-9629743FC45D}.Release|Any CPU.ActiveCfg = Release|Any CPU
		{625C7D65-488E-46EF-B01B-9629743FC45D}.Release|Any CPU.Build.0 = Release|Any CPU
		{625C7D65-488E-46EF-B01B-9629743FC45D}.Release|Mixed Platforms.ActiveCfg = Release|Any CPU
		{625C7D65-488E-46EF-B01B-9629743FC45D}.Release|Mixed Platforms.Build.0 = Release|Any CPU
		{625C7D65-488E-46EF-B01B-9629743FC45D}.Release|Win32.ActiveCfg = Release|Any CPU
		{625C7D65-488E-46EF-B01B-9629743FC45D}.Release|x86.ActiveCfg = Release|Any CPU
		{0BD937B2-9C44-4EF9-BD8F-72D481291760}.Debug|Any CPU.ActiveCfg = Debug|Any CPU
		{0BD937B2-9C44-4EF9-BD8F-72D481291760}.Debug|Any CPU.Build.0 = Debug|Any CPU
		{0BD937B2-9C44-4EF9-BD8F-72D481291760}.Debug|Mixed Platforms.ActiveCfg = Debug|Any CPU
		{0BD937B2-9C44-4EF9-BD8F-72D481291760}.Debug|Mixed Platforms.Build.0 = Debug|Any CPU
		{0BD937B2-9C44-4EF9-BD8F-72D481291760}.Debug|Win32.ActiveCfg = Debug|Any CPU
		{0BD937B2-9C44-4EF9-BD8F-72D481291760}.Debug|x86.ActiveCfg = Debug|Any CPU
		{0BD937B2-9C44-4EF9-BD8F-72D481291760}.Release_UK|Any CPU.ActiveCfg = Release_UK|Any CPU
		{0BD937B2-9C44-4EF9-BD8F-72D481291760}.Release_UK|Any CPU.Build.0 = Release_UK|Any CPU
		{0BD937B2-9C44-4EF9-BD8F-72D481291760}.Release_UK|Mixed Platforms.ActiveCfg = Release|Any CPU
		{0BD937B2-9C44-4EF9-BD8F-72D481291760}.Release_UK|Mixed Platforms.Build.0 = Release|Any CPU
		{0BD937B2-9C44-4EF9-BD8F-72D481291760}.Release_UK|Win32.ActiveCfg = Release|Any CPU
		{0BD937B2-9C44-4EF9-BD8F-72D481291760}.Release_UK|x86.ActiveCfg = Release|Any CPU
		{0BD937B2-9C44-4EF9-BD8F-72D481291760}.Release|Any CPU.ActiveCfg = Release|Any CPU
		{0BD937B2-9C44-4EF9-BD8F-72D481291760}.Release|Any CPU.Build.0 = Release|Any CPU
		{0BD937B2-9C44-4EF9-BD8F-72D481291760}.Release|Mixed Platforms.ActiveCfg = Release|Any CPU
		{0BD937B2-9C44-4EF9-BD8F-72D481291760}.Release|Mixed Platforms.Build.0 = Release|Any CPU
		{0BD937B2-9C44-4EF9-BD8F-72D481291760}.Release|Win32.ActiveCfg = Release|Any CPU
		{0BD937B2-9C44-4EF9-BD8F-72D481291760}.Release|x86.ActiveCfg = Release|Any CPU
		{37B08AFD-F4BC-4E13-9119-537BA6A12CCB}.Debug|Any CPU.ActiveCfg = Debug|Any CPU
		{37B08AFD-F4BC-4E13-9119-537BA6A12CCB}.Debug|Any CPU.Build.0 = Debug|Any CPU
		{37B08AFD-F4BC-4E13-9119-537BA6A12CCB}.Debug|Mixed Platforms.ActiveCfg = Debug|x86
		{37B08AFD-F4BC-4E13-9119-537BA6A12CCB}.Debug|Mixed Platforms.Build.0 = Debug|x86
		{37B08AFD-F4BC-4E13-9119-537BA6A12CCB}.Debug|Win32.ActiveCfg = Debug|x86
		{37B08AFD-F4BC-4E13-9119-537BA6A12CCB}.Debug|x86.ActiveCfg = Debug|x86
		{37B08AFD-F4BC-4E13-9119-537BA6A12CCB}.Debug|x86.Build.0 = Debug|x86
		{37B08AFD-F4BC-4E13-9119-537BA6A12CCB}.Release_UK|Any CPU.ActiveCfg = Release_UK|Any CPU
		{37B08AFD-F4BC-4E13-9119-537BA6A12CCB}.Release_UK|Any CPU.Build.0 = Release_UK|Any CPU
		{37B08AFD-F4BC-4E13-9119-537BA6A12CCB}.Release_UK|Mixed Platforms.ActiveCfg = Release|x86
		{37B08AFD-F4BC-4E13-9119-537BA6A12CCB}.Release_UK|Mixed Platforms.Build.0 = Release|x86
		{37B08AFD-F4BC-4E13-9119-537BA6A12CCB}.Release_UK|Win32.ActiveCfg = Release|x86
		{37B08AFD-F4BC-4E13-9119-537BA6A12CCB}.Release_UK|x86.ActiveCfg = Release|x86
		{37B08AFD-F4BC-4E13-9119-537BA6A12CCB}.Release_UK|x86.Build.0 = Release|x86
		{37B08AFD-F4BC-4E13-9119-537BA6A12CCB}.Release|Any CPU.ActiveCfg = Release|Any CPU
		{37B08AFD-F4BC-4E13-9119-537BA6A12CCB}.Release|Any CPU.Build.0 = Release|Any CPU
		{37B08AFD-F4BC-4E13-9119-537BA6A12CCB}.Release|Mixed Platforms.ActiveCfg = Release|x86
		{37B08AFD-F4BC-4E13-9119-537BA6A12CCB}.Release|Mixed Platforms.Build.0 = Release|x86
		{37B08AFD-F4BC-4E13-9119-537BA6A12CCB}.Release|Win32.ActiveCfg = Release|x86
		{37B08AFD-F4BC-4E13-9119-537BA6A12CCB}.Release|x86.ActiveCfg = Release|x86
		{37B08AFD-F4BC-4E13-9119-537BA6A12CCB}.Release|x86.Build.0 = Release|x86
		{E03D229A-9336-413A-8522-C8B8F34B2895}.Debug|Any CPU.ActiveCfg = Debug|Any CPU
		{E03D229A-9336-413A-8522-C8B8F34B2895}.Debug|Any CPU.Build.0 = Debug|Any CPU
		{E03D229A-9336-413A-8522-C8B8F34B2895}.Debug|Mixed Platforms.ActiveCfg = Debug|Any CPU
		{E03D229A-9336-413A-8522-C8B8F34B2895}.Debug|Mixed Platforms.Build.0 = Debug|Any CPU
		{E03D229A-9336-413A-8522-C8B8F34B2895}.Debug|Win32.ActiveCfg = Debug|Any CPU
		{E03D229A-9336-413A-8522-C8B8F34B2895}.Debug|x86.ActiveCfg = Debug|Any CPU
		{E03D229A-9336-413A-8522-C8B8F34B2895}.Release_UK|Any CPU.ActiveCfg = Release_UK|Any CPU
		{E03D229A-9336-413A-8522-C8B8F34B2895}.Release_UK|Any CPU.Build.0 = Release_UK|Any CPU
		{E03D229A-9336-413A-8522-C8B8F34B2895}.Release_UK|Mixed Platforms.ActiveCfg = Release|Any CPU
		{E03D229A-9336-413A-8522-C8B8F34B2895}.Release_UK|Mixed Platforms.Build.0 = Release|Any CPU
		{E03D229A-9336-413A-8522-C8B8F34B2895}.Release_UK|Win32.ActiveCfg = Release|Any CPU
		{E03D229A-9336-413A-8522-C8B8F34B2895}.Release_UK|x86.ActiveCfg = Release|Any CPU
		{E03D229A-9336-413A-8522-C8B8F34B2895}.Release|Any CPU.ActiveCfg = Release|Any CPU
		{E03D229A-9336-413A-8522-C8B8F34B2895}.Release|Any CPU.Build.0 = Release|Any CPU
		{E03D229A-9336-413A-8522-C8B8F34B2895}.Release|Mixed Platforms.ActiveCfg = Release|Any CPU
		{E03D229A-9336-413A-8522-C8B8F34B2895}.Release|Mixed Platforms.Build.0 = Release|Any CPU
		{E03D229A-9336-413A-8522-C8B8F34B2895}.Release|Win32.ActiveCfg = Release|Any CPU
		{E03D229A-9336-413A-8522-C8B8F34B2895}.Release|x86.ActiveCfg = Release|Any CPU
		{885792A3-A056-42C6-8847-F104C12238A4}.Debug|Any CPU.ActiveCfg = Debug|Any CPU
		{885792A3-A056-42C6-8847-F104C12238A4}.Debug|Any CPU.Build.0 = Debug|Any CPU
		{885792A3-A056-42C6-8847-F104C12238A4}.Debug|Mixed Platforms.ActiveCfg = Debug|Any CPU
		{885792A3-A056-42C6-8847-F104C12238A4}.Debug|Mixed Platforms.Build.0 = Debug|Any CPU
		{885792A3-A056-42C6-8847-F104C12238A4}.Debug|Win32.ActiveCfg = Debug|Any CPU
		{885792A3-A056-42C6-8847-F104C12238A4}.Debug|x86.ActiveCfg = Debug|Any CPU
		{885792A3-A056-42C6-8847-F104C12238A4}.Release_UK|Any CPU.ActiveCfg = Release|Any CPU
		{885792A3-A056-42C6-8847-F104C12238A4}.Release_UK|Any CPU.Build.0 = Release|Any CPU
		{885792A3-A056-42C6-8847-F104C12238A4}.Release_UK|Mixed Platforms.ActiveCfg = Release|Any CPU
		{885792A3-A056-42C6-8847-F104C12238A4}.Release_UK|Mixed Platforms.Build.0 = Release|Any CPU
		{885792A3-A056-42C6-8847-F104C12238A4}.Release_UK|Win32.ActiveCfg = Release|Any CPU
		{885792A3-A056-42C6-8847-F104C12238A4}.Release_UK|x86.ActiveCfg = Release|Any CPU
		{885792A3-A056-42C6-8847-F104C12238A4}.Release|Any CPU.ActiveCfg = Release|Any CPU
		{885792A3-A056-42C6-8847-F104C12238A4}.Release|Any CPU.Build.0 = Release|Any CPU
		{885792A3-A056-42C6-8847-F104C12238A4}.Release|Mixed Platforms.ActiveCfg = Release|Any CPU
		{885792A3-A056-42C6-8847-F104C12238A4}.Release|Mixed Platforms.Build.0 = Release|Any CPU
		{885792A3-A056-42C6-8847-F104C12238A4}.Release|Win32.ActiveCfg = Release|Any CPU
		{885792A3-A056-42C6-8847-F104C12238A4}.Release|x86.ActiveCfg = Release|Any CPU
		{DA47B108-21C8-4293-8D4E-56FFF1ED45A5}.Debug|Any CPU.ActiveCfg = Debug|Any CPU
		{DA47B108-21C8-4293-8D4E-56FFF1ED45A5}.Debug|Any CPU.Build.0 = Debug|Any CPU
		{DA47B108-21C8-4293-8D4E-56FFF1ED45A5}.Debug|Mixed Platforms.ActiveCfg = Debug|Any CPU
		{DA47B108-21C8-4293-8D4E-56FFF1ED45A5}.Debug|Mixed Platforms.Build.0 = Debug|Any CPU
		{DA47B108-21C8-4293-8D4E-56FFF1ED45A5}.Debug|Win32.ActiveCfg = Debug|Any CPU
		{DA47B108-21C8-4293-8D4E-56FFF1ED45A5}.Debug|x86.ActiveCfg = Debug|Any CPU
		{DA47B108-21C8-4293-8D4E-56FFF1ED45A5}.Release_UK|Any CPU.ActiveCfg = Release|Any CPU
		{DA47B108-21C8-4293-8D4E-56FFF1ED45A5}.Release_UK|Any CPU.Build.0 = Release|Any CPU
		{DA47B108-21C8-4293-8D4E-56FFF1ED45A5}.Release_UK|Mixed Platforms.ActiveCfg = Release|Any CPU
		{DA47B108-21C8-4293-8D4E-56FFF1ED45A5}.Release_UK|Mixed Platforms.Build.0 = Release|Any CPU
		{DA47B108-21C8-4293-8D4E-56FFF1ED45A5}.Release_UK|Win32.ActiveCfg = Release|Any CPU
		{DA47B108-21C8-4293-8D4E-56FFF1ED45A5}.Release_UK|x86.ActiveCfg = Release|Any CPU
		{DA47B108-21C8-4293-8D4E-56FFF1ED45A5}.Release|Any CPU.ActiveCfg = Release|Any CPU
		{DA47B108-21C8-4293-8D4E-56FFF1ED45A5}.Release|Any CPU.Build.0 = Release|Any CPU
		{DA47B108-21C8-4293-8D4E-56FFF1ED45A5}.Release|Mixed Platforms.ActiveCfg = Release|Any CPU
		{DA47B108-21C8-4293-8D4E-56FFF1ED45A5}.Release|Mixed Platforms.Build.0 = Release|Any CPU
		{DA47B108-21C8-4293-8D4E-56FFF1ED45A5}.Release|Win32.ActiveCfg = Release|Any CPU
		{DA47B108-21C8-4293-8D4E-56FFF1ED45A5}.Release|x86.ActiveCfg = Release|Any CPU
	EndGlobalSection
	GlobalSection(SolutionProperties) = preSolution
		HideSolutionNode = FALSE
	EndGlobalSection
EndGlobal
